PODS:
  - CmgeSDK (1.19.0):
    - CmgeSDK/AliAuth (= 1.19.0)
    - CmgeSDK/AliyunLog (= 1.19.0)
    - CmgeSDK/CmgeCore (= 1.19.0)
    - CmgeSDK/ThinkingSDK (= 1.19.0)
  - CmgeSDK/AliAuth (1.19.0)
  - CmgeSDK/AliyunLog (1.19.0)
  - CmgeSDK/CmgeCore (1.19.0)
  - CmgeSDK/ThinkingSDK (1.19.0)

DEPENDENCIES:
  - CmgeSDK (from `../CmgeSDK.podspec`)

EXTERNAL SOURCES:
  CmgeSDK:
    :podspec: "../CmgeSDK.podspec"

SPEC CHECKSUMS:
  CmgeSDK: 3957b5ae24adfbd2c322f68ed6fc83c884c11916

PODFILE CHECKSUM: e70416bee2a3c5100c80fcc1745e60cfe3ad2e3c

COCOAPODS: 1.14.2
