PODS:
  - CmgeSDK (1.20.0):
    - CmgeSDK/AliAuth (= 1.20.0)
    - CmgeSDK/AliyunLog (= 1.20.0)
    - CmgeSDK/CmgeCore (= 1.20.0)
    - CmgeSDK/ThinkingSDK (= 1.20.0)
  - CmgeSDK/AliAuth (1.20.0)
  - CmgeSDK/AliyunLog (1.20.0)
  - CmgeSDK/CmgeCore (1.20.0)
  - CmgeSDK/ThinkingSDK (1.20.0)

DEPENDENCIES:
  - CmgeSDK (from `../`)

EXTERNAL SOURCES:
  CmgeSDK:
    :path: "../"

SPEC CHECKSUMS:
  CmgeSDK: f3be54d27d283ad8d7492d9bca60818686f3bb81

PODFILE CHECKSUM: 027037ef26298240052f72035cd3a38c6e91bdff

COCOAPODS: 1.14.2
